
Microsoft Visual Studio Solution File, Format Version 12.00
# Visual Studio 15
Project("{FAE04EC0-301F-11D3-BF4B-00C04F79EFBC}") = "CardGames.Android", "CardGames.Android\CardGames.Android.csproj", "{377D6EF8-6A3A-4B51-B941-9729C4B6C82E}"
EndProject
Project("{FAE04EC0-301F-11D3-BF4B-00C04F79EFBC}") = "CardGames.iOS", "CardGames.iOS\CardGames.iOS.csproj", "{13274CD4-4AD5-444D-9724-8D749A37462B}"
EndProject
Project("{FAE04EC0-301F-11D3-BF4B-00C04F79EFBC}") = "CardGames", "CardGames\CardGames.csproj", "{02E2C5A5-D78A-4425-8CBE-A9CA5E790D07}"
EndProject
Global
	GlobalSection(SolutionConfigurationPlatforms) = preSolution
		Debug|Any CPU = Debug|Any CPU
		Release|Any CPU = Release|Any CPU
		Debug|iPhoneSimulator = Debug|iPhoneSimulator
		Release|iPhoneSimulator = Release|iPhoneSimulator
		Debug|iPhone = Debug|iPhone
		Release|iPhone = Release|iPhone
		Ad-Hoc|iPhone = Ad-Hoc|iPhone
		AppStore|iPhone = AppStore|iPhone
	EndGlobalSection
	GlobalSection(ProjectConfigurationPlatforms) = postSolution
		{377D6EF8-6A3A-4B51-B941-9729C4B6C82E}.Debug|Any CPU.ActiveCfg = Debug|Any CPU
		{377D6EF8-6A3A-4B51-B941-9729C4B6C82E}.Debug|Any CPU.Build.0 = Debug|Any CPU
		{377D6EF8-6A3A-4B51-B941-9729C4B6C82E}.Release|Any CPU.ActiveCfg = Release|Any CPU
		{377D6EF8-6A3A-4B51-B941-9729C4B6C82E}.Release|Any CPU.Build.0 = Release|Any CPU
		{377D6EF8-6A3A-4B51-B941-9729C4B6C82E}.Debug|iPhoneSimulator.ActiveCfg = Debug|Any CPU
		{377D6EF8-6A3A-4B51-B941-9729C4B6C82E}.Debug|iPhoneSimulator.Build.0 = Debug|Any CPU
		{377D6EF8-6A3A-4B51-B941-9729C4B6C82E}.Release|iPhoneSimulator.ActiveCfg = Release|Any CPU
		{377D6EF8-6A3A-4B51-B941-9729C4B6C82E}.Release|iPhoneSimulator.Build.0 = Release|Any CPU
		{377D6EF8-6A3A-4B51-B941-9729C4B6C82E}.Debug|iPhone.ActiveCfg = Debug|Any CPU
		{377D6EF8-6A3A-4B51-B941-9729C4B6C82E}.Debug|iPhone.Build.0 = Debug|Any CPU
		{377D6EF8-6A3A-4B51-B941-9729C4B6C82E}.Release|iPhone.ActiveCfg = Release|Any CPU
		{377D6EF8-6A3A-4B51-B941-9729C4B6C82E}.Release|iPhone.Build.0 = Release|Any CPU
		{377D6EF8-6A3A-4B51-B941-9729C4B6C82E}.Ad-Hoc|iPhone.ActiveCfg = Debug|Any CPU
		{377D6EF8-6A3A-4B51-B941-9729C4B6C82E}.Ad-Hoc|iPhone.Build.0 = Debug|Any CPU
		{377D6EF8-6A3A-4B51-B941-9729C4B6C82E}.AppStore|iPhone.ActiveCfg = Debug|Any CPU
		{377D6EF8-6A3A-4B51-B941-9729C4B6C82E}.AppStore|iPhone.Build.0 = Debug|Any CPU
		{13274CD4-4AD5-444D-9724-8D749A37462B}.Debug|Any CPU.ActiveCfg = Debug|iPhoneSimulator
		{13274CD4-4AD5-444D-9724-8D749A37462B}.Debug|Any CPU.Build.0 = Debug|iPhoneSimulator
		{13274CD4-4AD5-444D-9724-8D749A37462B}.Release|Any CPU.ActiveCfg = Release|iPhoneSimulator
		{13274CD4-4AD5-444D-9724-8D749A37462B}.Release|Any CPU.Build.0 = Release|iPhoneSimulator
		{13274CD4-4AD5-444D-9724-8D749A37462B}.Debug|iPhoneSimulator.ActiveCfg = Debug|iPhoneSimulator
		{13274CD4-4AD5-444D-9724-8D749A37462B}.Debug|iPhoneSimulator.Build.0 = Debug|iPhoneSimulator
		{13274CD4-4AD5-444D-9724-8D749A37462B}.Release|iPhoneSimulator.ActiveCfg = Release|iPhoneSimulator
		{13274CD4-4AD5-444D-9724-8D749A37462B}.Release|iPhoneSimulator.Build.0 = Release|iPhoneSimulator
		{13274CD4-4AD5-444D-9724-8D749A37462B}.Debug|iPhone.ActiveCfg = Debug|iPhone
		{13274CD4-4AD5-444D-9724-8D749A37462B}.Debug|iPhone.Build.0 = Debug|iPhone
		{13274CD4-4AD5-444D-9724-8D749A37462B}.Release|iPhone.ActiveCfg = Release|iPhone
		{13274CD4-4AD5-444D-9724-8D749A37462B}.Release|iPhone.Build.0 = Release|iPhone
		{13274CD4-4AD5-444D-9724-8D749A37462B}.Ad-Hoc|iPhone.ActiveCfg = Ad-Hoc|iPhone
		{13274CD4-4AD5-444D-9724-8D749A37462B}.Ad-Hoc|iPhone.Build.0 = Ad-Hoc|iPhone
		{13274CD4-4AD5-444D-9724-8D749A37462B}.AppStore|iPhone.ActiveCfg = AppStore|iPhone
		{13274CD4-4AD5-444D-9724-8D749A37462B}.AppStore|iPhone.Build.0 = AppStore|iPhone
		{02E2C5A5-D78A-4425-8CBE-A9CA5E790D07}.Debug|Any CPU.ActiveCfg = Debug|Any CPU
		{02E2C5A5-D78A-4425-8CBE-A9CA5E790D07}.Debug|Any CPU.Build.0 = Debug|Any CPU
		{02E2C5A5-D78A-4425-8CBE-A9CA5E790D07}.Release|Any CPU.ActiveCfg = Release|Any CPU
		{02E2C5A5-D78A-4425-8CBE-A9CA5E790D07}.Release|Any CPU.Build.0 = Release|Any CPU
		{02E2C5A5-D78A-4425-8CBE-A9CA5E790D07}.Debug|iPhoneSimulator.ActiveCfg = Debug|Any CPU
		{02E2C5A5-D78A-4425-8CBE-A9CA5E790D07}.Debug|iPhoneSimulator.Build.0 = Debug|Any CPU
		{02E2C5A5-D78A-4425-8CBE-A9CA5E790D07}.Release|iPhoneSimulator.ActiveCfg = Release|Any CPU
		{02E2C5A5-D78A-4425-8CBE-A9CA5E790D07}.Release|iPhoneSimulator.Build.0 = Release|Any CPU
		{02E2C5A5-D78A-4425-8CBE-A9CA5E790D07}.Debug|iPhone.ActiveCfg = Debug|Any CPU
		{02E2C5A5-D78A-4425-8CBE-A9CA5E790D07}.Debug|iPhone.Build.0 = Debug|Any CPU
		{02E2C5A5-D78A-4425-8CBE-A9CA5E790D07}.Release|iPhone.ActiveCfg = Release|Any CPU
		{02E2C5A5-D78A-4425-8CBE-A9CA5E790D07}.Release|iPhone.Build.0 = Release|Any CPU
		{02E2C5A5-D78A-4425-8CBE-A9CA5E790D07}.Ad-Hoc|iPhone.ActiveCfg = Debug|Any CPU
		{02E2C5A5-D78A-4425-8CBE-A9CA5E790D07}.Ad-Hoc|iPhone.Build.0 = Debug|Any CPU
		{02E2C5A5-D78A-4425-8CBE-A9CA5E790D07}.AppStore|iPhone.ActiveCfg = Debug|Any CPU
		{02E2C5A5-D78A-4425-8CBE-A9CA5E790D07}.AppStore|iPhone.Build.0 = Debug|Any CPU
	EndGlobalSection
EndGlobal
