
Microsoft Visual Studio Solution File, Format Version 12.00
# Visual Studio 15
VisualStudioVersion = 15.0.27004.2002
MinimumVisualStudioVersion = 10.0.40219.1
Project("{9A19103F-16F7-4668-BE54-9A1E7A4F7556}") = "CardGames", "Angular\CardGames.csproj", "{42BB3E4D-17F4-4CE9-A7B0-7A589EF04D4A}"
EndProject
Global
	GlobalSection(SolutionConfigurationPlatforms) = preSolution
		Debug|Any CPU = Debug|Any CPU
		Release|Any CPU = Release|Any CPU
	EndGlobalSection
	GlobalSection(ProjectConfigurationPlatforms) = postSolution
		{42BB3E4D-17F4-4CE9-A7B0-7A589EF04D4A}.Debug|Any CPU.ActiveCfg = Debug|Any CPU
		{42BB3E4D-17F4-4CE9-A7B0-7A589EF04D4A}.Debug|Any CPU.Build.0 = Debug|Any CPU
		{42BB3E4D-17F4-4CE9-A7B0-7A589EF04D4A}.Release|Any CPU.ActiveCfg = Release|Any CPU
		{42BB3E4D-17F4-4CE9-A7B0-7A589EF04D4A}.Release|Any CPU.Build.0 = Release|Any CPU
	EndGlobalSection
	GlobalSection(SolutionProperties) = preSolution
		HideSolutionNode = FALSE
	EndGlobalSection
	GlobalSection(ExtensibilityGlobals) = postSolution
		SolutionGuid = {A964CE75-DDF3-4752-BB12-3F541413D667}
	EndGlobalSection
EndGlobal
